
Microsoft Visual Studio Solution File, Format Version 12.00
# Visual Studio 15
VisualStudioVersion = 15.0.27703.2018
MinimumVisualStudioVersion = 10.0.40219.1
Project("{FAE04EC0-301F-11D3-BF4B-00C04F79EFBC}") = "WineHunterX.Android", "WineHunterX\WineHunterX.Android\WineHunterX.Android.csproj", "{56896B3F-A87C-4C99-A180-2B9D53F3713F}"
EndProject
Project("{FAE04EC0-301F-11D3-BF4B-00C04F79EFBC}") = "WineHunterX.iOS", "WineHunterX\WineHunterX.iOS\WineHunterX.iOS.csproj", "{757D6294-596A-439E-AFF5-0905E87D3AC9}"
EndProject
Project("{FAE04EC0-301F-11D3-BF4B-00C04F79EFBC}") = "WineHunterX.UWP", "WineHunterX\WineHunterX.UWP\WineHunterX.UWP.csproj", "{E7EF49A2-F4D6-4012-BD14-55641AB3B1B9}"
EndProject
Project("{9A19103F-16F7-4668-BE54-9A1E7A4F7556}") = "WineHunterX", "WineHunterX\WineHunterX\WineHunterX.csproj", "{4D5F5A05-A37C-4EB8-AAF5-3B74DA924084}"
EndProject
Global
	GlobalSection(SolutionConfigurationPlatforms) = preSolution
		Ad-Hoc|Any CPU = Ad-Hoc|Any CPU
		Ad-Hoc|ARM = Ad-Hoc|ARM
		Ad-Hoc|iPhone = Ad-Hoc|iPhone
		Ad-Hoc|iPhoneSimulator = Ad-Hoc|iPhoneSimulator
		Ad-Hoc|x64 = Ad-Hoc|x64
		Ad-Hoc|x86 = Ad-Hoc|x86
		AppStore|Any CPU = AppStore|Any CPU
		AppStore|ARM = AppStore|ARM
		AppStore|iPhone = AppStore|iPhone
		AppStore|iPhoneSimulator = AppStore|iPhoneSimulator
		AppStore|x64 = AppStore|x64
		AppStore|x86 = AppStore|x86
		Debug|Any CPU = Debug|Any CPU
		Debug|ARM = Debug|ARM
		Debug|iPhone = Debug|iPhone
		Debug|iPhoneSimulator = Debug|iPhoneSimulator
		Debug|x64 = Debug|x64
		Debug|x86 = Debug|x86
		Release|Any CPU = Release|Any CPU
		Release|ARM = Release|ARM
		Release|iPhone = Release|iPhone
		Release|iPhoneSimulator = Release|iPhoneSimulator
		Release|x64 = Release|x64
		Release|x86 = Release|x86
	EndGlobalSection
	GlobalSection(ProjectConfigurationPlatforms) = postSolution
		{56896B3F-A87C-4C99-A180-2B9D53F3713F}.Ad-Hoc|Any CPU.ActiveCfg = Release|Any CPU
		{56896B3F-A87C-4C99-A180-2B9D53F3713F}.Ad-Hoc|Any CPU.Build.0 = Release|Any CPU
		{56896B3F-A87C-4C99-A180-2B9D53F3713F}.Ad-Hoc|Any CPU.Deploy.0 = Release|Any CPU
		{56896B3F-A87C-4C99-A180-2B9D53F3713F}.Ad-Hoc|ARM.ActiveCfg = Release|Any CPU
		{56896B3F-A87C-4C99-A180-2B9D53F3713F}.Ad-Hoc|ARM.Build.0 = Release|Any CPU
		{56896B3F-A87C-4C99-A180-2B9D53F3713F}.Ad-Hoc|ARM.Deploy.0 = Release|Any CPU
		{56896B3F-A87C-4C99-A180-2B9D53F3713F}.Ad-Hoc|iPhone.ActiveCfg = Release|Any CPU
		{56896B3F-A87C-4C99-A180-2B9D53F3713F}.Ad-Hoc|iPhone.Build.0 = Release|Any CPU
		{56896B3F-A87C-4C99-A180-2B9D53F3713F}.Ad-Hoc|iPhone.Deploy.0 = Release|Any CPU
		{56896B3F-A87C-4C99-A180-2B9D53F3713F}.Ad-Hoc|iPhoneSimulator.ActiveCfg = Release|Any CPU
		{56896B3F-A87C-4C99-A180-2B9D53F3713F}.Ad-Hoc|iPhoneSimulator.Build.0 = Release|Any CPU
		{56896B3F-A87C-4C99-A180-2B9D53F3713F}.Ad-Hoc|iPhoneSimulator.Deploy.0 = Release|Any CPU
		{56896B3F-A87C-4C99-A180-2B9D53F3713F}.Ad-Hoc|x64.ActiveCfg = Release|Any CPU
		{56896B3F-A87C-4C99-A180-2B9D53F3713F}.Ad-Hoc|x64.Build.0 = Release|Any CPU
		{56896B3F-A87C-4C99-A180-2B9D53F3713F}.Ad-Hoc|x64.Deploy.0 = Release|Any CPU
		{56896B3F-A87C-4C99-A180-2B9D53F3713F}.Ad-Hoc|x86.ActiveCfg = Release|Any CPU
		{56896B3F-A87C-4C99-A180-2B9D53F3713F}.Ad-Hoc|x86.Build.0 = Release|Any CPU
		{56896B3F-A87C-4C99-A180-2B9D53F3713F}.Ad-Hoc|x86.Deploy.0 = Release|Any CPU
		{56896B3F-A87C-4C99-A180-2B9D53F3713F}.AppStore|Any CPU.ActiveCfg = Release|Any CPU
		{56896B3F-A87C-4C99-A180-2B9D53F3713F}.AppStore|Any CPU.Build.0 = Release|Any CPU
		{56896B3F-A87C-4C99-A180-2B9D53F3713F}.AppStore|Any CPU.Deploy.0 = Release|Any CPU
		{56896B3F-A87C-4C99-A180-2B9D53F3713F}.AppStore|ARM.ActiveCfg = Release|Any CPU
		{56896B3F-A87C-4C99-A180-2B9D53F3713F}.AppStore|ARM.Build.0 = Release|Any CPU
		{56896B3F-A87C-4C99-A180-2B9D53F3713F}.AppStore|ARM.Deploy.0 = Release|Any CPU
		{56896B3F-A87C-4C99-A180-2B9D53F3713F}.AppStore|iPhone.ActiveCfg = Release|Any CPU
		{56896B3F-A87C-4C99-A180-2B9D53F3713F}.AppStore|iPhone.Build.0 = Release|Any CPU
		{56896B3F-A87C-4C99-A180-2B9D53F3713F}.AppStore|iPhone.Deploy.0 = Release|Any CPU
		{56896B3F-A87C-4C99-A180-2B9D53F3713F}.AppStore|iPhoneSimulator.ActiveCfg = Release|Any CPU
		{56896B3F-A87C-4C99-A180-2B9D53F3713F}.AppStore|iPhoneSimulator.Build.0 = Release|Any CPU
		{56896B3F-A87C-4C99-A180-2B9D53F3713F}.AppStore|iPhoneSimulator.Deploy.0 = Release|Any CPU
		{56896B3F-A87C-4C99-A180-2B9D53F3713F}.AppStore|x64.ActiveCfg = Release|Any CPU
		{56896B3F-A87C-4C99-A180-2B9D53F3713F}.AppStore|x64.Build.0 = Release|Any CPU
		{56896B3F-A87C-4C99-A180-2B9D53F3713F}.AppStore|x64.Deploy.0 = Release|Any CPU
		{56896B3F-A87C-4C99-A180-2B9D53F3713F}.AppStore|x86.ActiveCfg = Release|Any CPU
		{56896B3F-A87C-4C99-A180-2B9D53F3713F}.AppStore|x86.Build.0 = Release|Any CPU
		{56896B3F-A87C-4C99-A180-2B9D53F3713F}.AppStore|x86.Deploy.0 = Release|Any CPU
		{56896B3F-A87C-4C99-A180-2B9D53F3713F}.Debug|Any CPU.ActiveCfg = Debug|Any CPU
		{56896B3F-A87C-4C99-A180-2B9D53F3713F}.Debug|Any CPU.Build.0 = Debug|Any CPU
		{56896B3F-A87C-4C99-A180-2B9D53F3713F}.Debug|Any CPU.Deploy.0 = Debug|Any CPU
		{56896B3F-A87C-4C99-A180-2B9D53F3713F}.Debug|ARM.ActiveCfg = Debug|Any CPU
		{56896B3F-A87C-4C99-A180-2B9D53F3713F}.Debug|ARM.Build.0 = Debug|Any CPU
		{56896B3F-A87C-4C99-A180-2B9D53F3713F}.Debug|ARM.Deploy.0 = Debug|Any CPU
		{56896B3F-A87C-4C99-A180-2B9D53F3713F}.Debug|iPhone.ActiveCfg = Debug|Any CPU
		{56896B3F-A87C-4C99-A180-2B9D53F3713F}.Debug|iPhone.Build.0 = Debug|Any CPU
		{56896B3F-A87C-4C99-A180-2B9D53F3713F}.Debug|iPhone.Deploy.0 = Debug|Any CPU
		{56896B3F-A87C-4C99-A180-2B9D53F3713F}.Debug|iPhoneSimulator.ActiveCfg = Debug|Any CPU
		{56896B3F-A87C-4C99-A180-2B9D53F3713F}.Debug|iPhoneSimulator.Build.0 = Debug|Any CPU
		{56896B3F-A87C-4C99-A180-2B9D53F3713F}.Debug|iPhoneSimulator.Deploy.0 = Debug|Any CPU
		{56896B3F-A87C-4C99-A180-2B9D53F3713F}.Debug|x64.ActiveCfg = Debug|Any CPU
		{56896B3F-A87C-4C99-A180-2B9D53F3713F}.Debug|x64.Build.0 = Debug|Any CPU
		{56896B3F-A87C-4C99-A180-2B9D53F3713F}.Debug|x64.Deploy.0 = Debug|Any CPU
		{56896B3F-A87C-4C99-A180-2B9D53F3713F}.Debug|x86.ActiveCfg = Debug|Any CPU
		{56896B3F-A87C-4C99-A180-2B9D53F3713F}.Debug|x86.Build.0 = Debug|Any CPU
		{56896B3F-A87C-4C99-A180-2B9D53F3713F}.Debug|x86.Deploy.0 = Debug|Any CPU
		{56896B3F-A87C-4C99-A180-2B9D53F3713F}.Release|Any CPU.ActiveCfg = Release|Any CPU
		{56896B3F-A87C-4C99-A180-2B9D53F3713F}.Release|Any CPU.Build.0 = Release|Any CPU
		{56896B3F-A87C-4C99-A180-2B9D53F3713F}.Release|Any CPU.Deploy.0 = Release|Any CPU
		{56896B3F-A87C-4C99-A180-2B9D53F3713F}.Release|ARM.ActiveCfg = Release|Any CPU
		{56896B3F-A87C-4C99-A180-2B9D53F3713F}.Release|ARM.Build.0 = Release|Any CPU
		{56896B3F-A87C-4C99-A180-2B9D53F3713F}.Release|ARM.Deploy.0 = Release|Any CPU
		{56896B3F-A87C-4C99-A180-2B9D53F3713F}.Release|iPhone.ActiveCfg = Release|Any CPU
		{56896B3F-A87C-4C99-A180-2B9D53F3713F}.Release|iPhone.Build.0 = Release|Any CPU
		{56896B3F-A87C-4C99-A180-2B9D53F3713F}.Release|iPhone.Deploy.0 = Release|Any CPU
		{56896B3F-A87C-4C99-A180-2B9D53F3713F}.Release|iPhoneSimulator.ActiveCfg = Release|Any CPU
		{56896B3F-A87C-4C99-A180-2B9D53F3713F}.Release|iPhoneSimulator.Build.0 = Release|Any CPU
		{56896B3F-A87C-4C99-A180-2B9D53F3713F}.Release|iPhoneSimulator.Deploy.0 = Release|Any CPU
		{56896B3F-A87C-4C99-A180-2B9D53F3713F}.Release|x64.ActiveCfg = Release|Any CPU
		{56896B3F-A87C-4C99-A180-2B9D53F3713F}.Release|x64.Build.0 = Release|Any CPU
		{56896B3F-A87C-4C99-A180-2B9D53F3713F}.Release|x64.Deploy.0 = Release|Any CPU
		{56896B3F-A87C-4C99-A180-2B9D53F3713F}.Release|x86.ActiveCfg = Release|Any CPU
		{56896B3F-A87C-4C99-A180-2B9D53F3713F}.Release|x86.Build.0 = Release|Any CPU
		{56896B3F-A87C-4C99-A180-2B9D53F3713F}.Release|x86.Deploy.0 = Release|Any CPU
		{757D6294-596A-439E-AFF5-0905E87D3AC9}.Ad-Hoc|Any CPU.ActiveCfg = Ad-Hoc|iPhone
		{757D6294-596A-439E-AFF5-0905E87D3AC9}.Ad-Hoc|Any CPU.Build.0 = Ad-Hoc|iPhone
		{757D6294-596A-439E-AFF5-0905E87D3AC9}.Ad-Hoc|Any CPU.Deploy.0 = Ad-Hoc|iPhone
		{757D6294-596A-439E-AFF5-0905E87D3AC9}.Ad-Hoc|ARM.ActiveCfg = Ad-Hoc|iPhone
		{757D6294-596A-439E-AFF5-0905E87D3AC9}.Ad-Hoc|ARM.Build.0 = Ad-Hoc|iPhone
		{757D6294-596A-439E-AFF5-0905E87D3AC9}.Ad-Hoc|ARM.Deploy.0 = Ad-Hoc|iPhone
		{757D6294-596A-439E-AFF5-0905E87D3AC9}.Ad-Hoc|iPhone.ActiveCfg = Ad-Hoc|iPhone
		{757D6294-596A-439E-AFF5-0905E87D3AC9}.Ad-Hoc|iPhone.Build.0 = Ad-Hoc|iPhone
		{757D6294-596A-439E-AFF5-0905E87D3AC9}.Ad-Hoc|iPhone.Deploy.0 = Ad-Hoc|iPhone
		{757D6294-596A-439E-AFF5-0905E87D3AC9}.Ad-Hoc|iPhoneSimulator.ActiveCfg = Ad-Hoc|iPhoneSimulator
		{757D6294-596A-439E-AFF5-0905E87D3AC9}.Ad-Hoc|iPhoneSimulator.Build.0 = Ad-Hoc|iPhoneSimulator
		{757D6294-596A-439E-AFF5-0905E87D3AC9}.Ad-Hoc|iPhoneSimulator.Deploy.0 = Ad-Hoc|iPhoneSimulator
		{757D6294-596A-439E-AFF5-0905E87D3AC9}.Ad-Hoc|x64.ActiveCfg = Ad-Hoc|iPhone
		{757D6294-596A-439E-AFF5-0905E87D3AC9}.Ad-Hoc|x64.Build.0 = Ad-Hoc|iPhone
		{757D6294-596A-439E-AFF5-0905E87D3AC9}.Ad-Hoc|x64.Deploy.0 = Ad-Hoc|iPhone
		{757D6294-596A-439E-AFF5-0905E87D3AC9}.Ad-Hoc|x86.ActiveCfg = Ad-Hoc|iPhone
		{757D6294-596A-439E-AFF5-0905E87D3AC9}.Ad-Hoc|x86.Build.0 = Ad-Hoc|iPhone
		{757D6294-596A-439E-AFF5-0905E87D3AC9}.Ad-Hoc|x86.Deploy.0 = Ad-Hoc|iPhone
		{757D6294-596A-439E-AFF5-0905E87D3AC9}.AppStore|Any CPU.ActiveCfg = AppStore|iPhone
		{757D6294-596A-439E-AFF5-0905E87D3AC9}.AppStore|Any CPU.Build.0 = AppStore|iPhone
		{757D6294-596A-439E-AFF5-0905E87D3AC9}.AppStore|Any CPU.Deploy.0 = AppStore|iPhone
		{757D6294-596A-439E-AFF5-0905E87D3AC9}.AppStore|ARM.ActiveCfg = AppStore|iPhone
		{757D6294-596A-439E-AFF5-0905E87D3AC9}.AppStore|ARM.Build.0 = AppStore|iPhone
		{757D6294-596A-439E-AFF5-0905E87D3AC9}.AppStore|ARM.Deploy.0 = AppStore|iPhone
		{757D6294-596A-439E-AFF5-0905E87D3AC9}.AppStore|iPhone.ActiveCfg = AppStore|iPhone
		{757D6294-596A-439E-AFF5-0905E87D3AC9}.AppStore|iPhone.Build.0 = AppStore|iPhone
		{757D6294-596A-439E-AFF5-0905E87D3AC9}.AppStore|iPhone.Deploy.0 = AppStore|iPhone
		{757D6294-596A-439E-AFF5-0905E87D3AC9}.AppStore|iPhoneSimulator.ActiveCfg = AppStore|iPhoneSimulator
		{757D6294-596A-439E-AFF5-0905E87D3AC9}.AppStore|iPhoneSimulator.Build.0 = AppStore|iPhoneSimulator
		{757D6294-596A-439E-AFF5-0905E87D3AC9}.AppStore|iPhoneSimulator.Deploy.0 = AppStore|iPhoneSimulator
		{757D6294-596A-439E-AFF5-0905E87D3AC9}.AppStore|x64.ActiveCfg = AppStore|iPhone
		{757D6294-596A-439E-AFF5-0905E87D3AC9}.AppStore|x64.Build.0 = AppStore|iPhone
		{757D6294-596A-439E-AFF5-0905E87D3AC9}.AppStore|x64.Deploy.0 = AppStore|iPhone
		{757D6294-596A-439E-AFF5-0905E87D3AC9}.AppStore|x86.ActiveCfg = AppStore|iPhone
		{757D6294-596A-439E-AFF5-0905E87D3AC9}.AppStore|x86.Build.0 = AppStore|iPhone
		{757D6294-596A-439E-AFF5-0905E87D3AC9}.AppStore|x86.Deploy.0 = AppStore|iPhone
		{757D6294-596A-439E-AFF5-0905E87D3AC9}.Debug|Any CPU.ActiveCfg = Debug|iPhoneSimulator
		{757D6294-596A-439E-AFF5-0905E87D3AC9}.Debug|Any CPU.Build.0 = Debug|iPhoneSimulator
		{757D6294-596A-439E-AFF5-0905E87D3AC9}.Debug|Any CPU.Deploy.0 = Debug|iPhoneSimulator
		{757D6294-596A-439E-AFF5-0905E87D3AC9}.Debug|ARM.ActiveCfg = Debug|iPhone
		{757D6294-596A-439E-AFF5-0905E87D3AC9}.Debug|ARM.Build.0 = Debug|iPhone
		{757D6294-596A-439E-AFF5-0905E87D3AC9}.Debug|ARM.Deploy.0 = Debug|iPhone
		{757D6294-596A-439E-AFF5-0905E87D3AC9}.Debug|iPhone.ActiveCfg = Debug|iPhone
		{757D6294-596A-439E-AFF5-0905E87D3AC9}.Debug|iPhone.Build.0 = Debug|iPhone
		{757D6294-596A-439E-AFF5-0905E87D3AC9}.Debug|iPhone.Deploy.0 = Debug|iPhone
		{757D6294-596A-439E-AFF5-0905E87D3AC9}.Debug|iPhoneSimulator.ActiveCfg = Debug|iPhoneSimulator
		{757D6294-596A-439E-AFF5-0905E87D3AC9}.Debug|iPhoneSimulator.Build.0 = Debug|iPhoneSimulator
		{757D6294-596A-439E-AFF5-0905E87D3AC9}.Debug|iPhoneSimulator.Deploy.0 = Debug|iPhoneSimulator
		{757D6294-596A-439E-AFF5-0905E87D3AC9}.Debug|x64.ActiveCfg = Debug|iPhone
		{757D6294-596A-439E-AFF5-0905E87D3AC9}.Debug|x64.Build.0 = Debug|iPhone
		{757D6294-596A-439E-AFF5-0905E87D3AC9}.Debug|x64.Deploy.0 = Debug|iPhone
		{757D6294-596A-439E-AFF5-0905E87D3AC9}.Debug|x86.ActiveCfg = Debug|iPhone
		{757D6294-596A-439E-AFF5-0905E87D3AC9}.Debug|x86.Build.0 = Debug|iPhone
		{757D6294-596A-439E-AFF5-0905E87D3AC9}.Debug|x86.Deploy.0 = Debug|iPhone
		{757D6294-596A-439E-AFF5-0905E87D3AC9}.Release|Any CPU.ActiveCfg = Release|iPhone
		{757D6294-596A-439E-AFF5-0905E87D3AC9}.Release|Any CPU.Build.0 = Release|iPhone
		{757D6294-596A-439E-AFF5-0905E87D3AC9}.Release|Any CPU.Deploy.0 = Release|iPhone
		{757D6294-596A-439E-AFF5-0905E87D3AC9}.Release|ARM.ActiveCfg = Release|iPhone
		{757D6294-596A-439E-AFF5-0905E87D3AC9}.Release|ARM.Build.0 = Release|iPhone
		{757D6294-596A-439E-AFF5-0905E87D3AC9}.Release|ARM.Deploy.0 = Release|iPhone
		{757D6294-596A-439E-AFF5-0905E87D3AC9}.Release|iPhone.ActiveCfg = Release|iPhone
		{757D6294-596A-439E-AFF5-0905E87D3AC9}.Release|iPhone.Build.0 = Release|iPhone
		{757D6294-596A-439E-AFF5-0905E87D3AC9}.Release|iPhone.Deploy.0 = Release|iPhone
		{757D6294-596A-439E-AFF5-0905E87D3AC9}.Release|iPhoneSimulator.ActiveCfg = Release|iPhoneSimulator
		{757D6294-596A-439E-AFF5-0905E87D3AC9}.Release|iPhoneSimulator.Build.0 = Release|iPhoneSimulator
		{757D6294-596A-439E-AFF5-0905E87D3AC9}.Release|iPhoneSimulator.Deploy.0 = Release|iPhoneSimulator
		{757D6294-596A-439E-AFF5-0905E87D3AC9}.Release|x64.ActiveCfg = Release|iPhone
		{757D6294-596A-439E-AFF5-0905E87D3AC9}.Release|x64.Build.0 = Release|iPhone
		{757D6294-596A-439E-AFF5-0905E87D3AC9}.Release|x64.Deploy.0 = Release|iPhone
		{757D6294-596A-439E-AFF5-0905E87D3AC9}.Release|x86.ActiveCfg = Release|iPhone
		{757D6294-596A-439E-AFF5-0905E87D3AC9}.Release|x86.Build.0 = Release|iPhone
		{757D6294-596A-439E-AFF5-0905E87D3AC9}.Release|x86.Deploy.0 = Release|iPhone
		{E7EF49A2-F4D6-4012-BD14-55641AB3B1B9}.Ad-Hoc|Any CPU.ActiveCfg = Release|x86
		{E7EF49A2-F4D6-4012-BD14-55641AB3B1B9}.Ad-Hoc|Any CPU.Build.0 = Release|x86
		{E7EF49A2-F4D6-4012-BD14-55641AB3B1B9}.Ad-Hoc|Any CPU.Deploy.0 = Release|x86
		{E7EF49A2-F4D6-4012-BD14-55641AB3B1B9}.Ad-Hoc|ARM.ActiveCfg = Release|ARM
		{E7EF49A2-F4D6-4012-BD14-55641AB3B1B9}.Ad-Hoc|ARM.Build.0 = Release|ARM
		{E7EF49A2-F4D6-4012-BD14-55641AB3B1B9}.Ad-Hoc|ARM.Deploy.0 = Release|ARM
		{E7EF49A2-F4D6-4012-BD14-55641AB3B1B9}.Ad-Hoc|iPhone.ActiveCfg = Release|x86
		{E7EF49A2-F4D6-4012-BD14-55641AB3B1B9}.Ad-Hoc|iPhone.Build.0 = Release|x86
		{E7EF49A2-F4D6-4012-BD14-55641AB3B1B9}.Ad-Hoc|iPhone.Deploy.0 = Release|x86
		{E7EF49A2-F4D6-4012-BD14-55641AB3B1B9}.Ad-Hoc|iPhoneSimulator.ActiveCfg = Release|x86
		{E7EF49A2-F4D6-4012-BD14-55641AB3B1B9}.Ad-Hoc|iPhoneSimulator.Build.0 = Release|x86
		{E7EF49A2-F4D6-4012-BD14-55641AB3B1B9}.Ad-Hoc|iPhoneSimulator.Deploy.0 = Release|x86
		{E7EF49A2-F4D6-4012-BD14-55641AB3B1B9}.Ad-Hoc|x64.ActiveCfg = Release|x64
		{E7EF49A2-F4D6-4012-BD14-55641AB3B1B9}.Ad-Hoc|x64.Build.0 = Release|x64
		{E7EF49A2-F4D6-4012-BD14-55641AB3B1B9}.Ad-Hoc|x64.Deploy.0 = Release|x64
		{E7EF49A2-F4D6-4012-BD14-55641AB3B1B9}.Ad-Hoc|x86.ActiveCfg = Release|x86
		{E7EF49A2-F4D6-4012-BD14-55641AB3B1B9}.Ad-Hoc|x86.Build.0 = Release|x86
		{E7EF49A2-F4D6-4012-BD14-55641AB3B1B9}.Ad-Hoc|x86.Deploy.0 = Release|x86
		{E7EF49A2-F4D6-4012-BD14-55641AB3B1B9}.AppStore|Any CPU.ActiveCfg = Release|x86
		{E7EF49A2-F4D6-4012-BD14-55641AB3B1B9}.AppStore|Any CPU.Build.0 = Release|x86
		{E7EF49A2-F4D6-4012-BD14-55641AB3B1B9}.AppStore|Any CPU.Deploy.0 = Release|x86
		{E7EF49A2-F4D6-4012-BD14-55641AB3B1B9}.AppStore|ARM.ActiveCfg = Release|ARM
		{E7EF49A2-F4D6-4012-BD14-55641AB3B1B9}.AppStore|ARM.Build.0 = Release|ARM
		{E7EF49A2-F4D6-4012-BD14-55641AB3B1B9}.AppStore|ARM.Deploy.0 = Release|ARM
		{E7EF49A2-F4D6-4012-BD14-55641AB3B1B9}.AppStore|iPhone.ActiveCfg = Release|x86
		{E7EF49A2-F4D6-4012-BD14-55641AB3B1B9}.AppStore|iPhone.Build.0 = Release|x86
		{E7EF49A2-F4D6-4012-BD14-55641AB3B1B9}.AppStore|iPhone.Deploy.0 = Release|x86
		{E7EF49A2-F4D6-4012-BD14-55641AB3B1B9}.AppStore|iPhoneSimulator.ActiveCfg = Release|x86
		{E7EF49A2-F4D6-4012-BD14-55641AB3B1B9}.AppStore|iPhoneSimulator.Build.0 = Release|x86
		{E7EF49A2-F4D6-4012-BD14-55641AB3B1B9}.AppStore|iPhoneSimulator.Deploy.0 = Release|x86
		{E7EF49A2-F4D6-4012-BD14-55641AB3B1B9}.AppStore|x64.ActiveCfg = Release|x64
		{E7EF49A2-F4D6-4012-BD14-55641AB3B1B9}.AppStore|x64.Build.0 = Release|x64
		{E7EF49A2-F4D6-4012-BD14-55641AB3B1B9}.AppStore|x64.Deploy.0 = Release|x64
		{E7EF49A2-F4D6-4012-BD14-55641AB3B1B9}.AppStore|x86.ActiveCfg = Release|x86
		{E7EF49A2-F4D6-4012-BD14-55641AB3B1B9}.AppStore|x86.Build.0 = Release|x86
		{E7EF49A2-F4D6-4012-BD14-55641AB3B1B9}.AppStore|x86.Deploy.0 = Release|x86
		{E7EF49A2-F4D6-4012-BD14-55641AB3B1B9}.Debug|Any CPU.ActiveCfg = Debug|x86
		{E7EF49A2-F4D6-4012-BD14-55641AB3B1B9}.Debug|Any CPU.Build.0 = Debug|x86
		{E7EF49A2-F4D6-4012-BD14-55641AB3B1B9}.Debug|Any CPU.Deploy.0 = Debug|x86
		{E7EF49A2-F4D6-4012-BD14-55641AB3B1B9}.Debug|ARM.ActiveCfg = Debug|ARM
		{E7EF49A2-F4D6-4012-BD14-55641AB3B1B9}.Debug|ARM.Build.0 = Debug|ARM
		{E7EF49A2-F4D6-4012-BD14-55641AB3B1B9}.Debug|ARM.Deploy.0 = Debug|ARM
		{E7EF49A2-F4D6-4012-BD14-55641AB3B1B9}.Debug|iPhone.ActiveCfg = Debug|x86
		{E7EF49A2-F4D6-4012-BD14-55641AB3B1B9}.Debug|iPhone.Build.0 = Debug|x86
		{E7EF49A2-F4D6-4012-BD14-55641AB3B1B9}.Debug|iPhone.Deploy.0 = Debug|x86
		{E7EF49A2-F4D6-4012-BD14-55641AB3B1B9}.Debug|iPhoneSimulator.ActiveCfg = Debug|x86
		{E7EF49A2-F4D6-4012-BD14-55641AB3B1B9}.Debug|iPhoneSimulator.Build.0 = Debug|x86
		{E7EF49A2-F4D6-4012-BD14-55641AB3B1B9}.Debug|iPhoneSimulator.Deploy.0 = Debug|x86
		{E7EF49A2-F4D6-4012-BD14-55641AB3B1B9}.Debug|x64.ActiveCfg = Debug|x64
		{E7EF49A2-F4D6-4012-BD14-55641AB3B1B9}.Debug|x64.Build.0 = Debug|x64
		{E7EF49A2-F4D6-4012-BD14-55641AB3B1B9}.Debug|x64.Deploy.0 = Debug|x64
		{E7EF49A2-F4D6-4012-BD14-55641AB3B1B9}.Debug|x86.ActiveCfg = Debug|x86
		{E7EF49A2-F4D6-4012-BD14-55641AB3B1B9}.Debug|x86.Build.0 = Debug|x86
		{E7EF49A2-F4D6-4012-BD14-55641AB3B1B9}.Debug|x86.Deploy.0 = Debug|x86
		{E7EF49A2-F4D6-4012-BD14-55641AB3B1B9}.Release|Any CPU.ActiveCfg = Release|x86
		{E7EF49A2-F4D6-4012-BD14-55641AB3B1B9}.Release|Any CPU.Build.0 = Release|x86
		{E7EF49A2-F4D6-4012-BD14-55641AB3B1B9}.Release|Any CPU.Deploy.0 = Release|x86
		{E7EF49A2-F4D6-4012-BD14-55641AB3B1B9}.Release|ARM.ActiveCfg = Release|ARM
		{E7EF49A2-F4D6-4012-BD14-55641AB3B1B9}.Release|ARM.Build.0 = Release|ARM
		{E7EF49A2-F4D6-4012-BD14-55641AB3B1B9}.Release|ARM.Deploy.0 = Release|ARM
		{E7EF49A2-F4D6-4012-BD14-55641AB3B1B9}.Release|iPhone.ActiveCfg = Release|x86
		{E7EF49A2-F4D6-4012-BD14-55641AB3B1B9}.Release|iPhone.Build.0 = Release|x86
		{E7EF49A2-F4D6-4012-BD14-55641AB3B1B9}.Release|iPhone.Deploy.0 = Release|x86
		{E7EF49A2-F4D6-4012-BD14-55641AB3B1B9}.Release|iPhoneSimulator.ActiveCfg = Release|x86
		{E7EF49A2-F4D6-4012-BD14-55641AB3B1B9}.Release|iPhoneSimulator.Build.0 = Release|x86
		{E7EF49A2-F4D6-4012-BD14-55641AB3B1B9}.Release|iPhoneSimulator.Deploy.0 = Release|x86
		{E7EF49A2-F4D6-4012-BD14-55641AB3B1B9}.Release|x64.ActiveCfg = Release|x64
		{E7EF49A2-F4D6-4012-BD14-55641AB3B1B9}.Release|x64.Build.0 = Release|x64
		{E7EF49A2-F4D6-4012-BD14-55641AB3B1B9}.Release|x64.Deploy.0 = Release|x64
		{E7EF49A2-F4D6-4012-BD14-55641AB3B1B9}.Release|x86.ActiveCfg = Release|x86
		{E7EF49A2-F4D6-4012-BD14-55641AB3B1B9}.Release|x86.Build.0 = Release|x86
		{E7EF49A2-F4D6-4012-BD14-55641AB3B1B9}.Release|x86.Deploy.0 = Release|x86
		{4D5F5A05-A37C-4EB8-AAF5-3B74DA924084}.Ad-Hoc|Any CPU.ActiveCfg = Debug|Any CPU
		{4D5F5A05-A37C-4EB8-AAF5-3B74DA924084}.Ad-Hoc|Any CPU.Build.0 = Debug|Any CPU
		{4D5F5A05-A37C-4EB8-AAF5-3B74DA924084}.Ad-Hoc|Any CPU.Deploy.0 = Debug|Any CPU
		{4D5F5A05-A37C-4EB8-AAF5-3B74DA924084}.Ad-Hoc|ARM.ActiveCfg = Debug|Any CPU
		{4D5F5A05-A37C-4EB8-AAF5-3B74DA924084}.Ad-Hoc|ARM.Build.0 = Debug|Any CPU
		{4D5F5A05-A37C-4EB8-AAF5-3B74DA924084}.Ad-Hoc|ARM.Deploy.0 = Debug|Any CPU
		{4D5F5A05-A37C-4EB8-AAF5-3B74DA924084}.Ad-Hoc|iPhone.ActiveCfg = Debug|Any CPU
		{4D5F5A05-A37C-4EB8-AAF5-3B74DA924084}.Ad-Hoc|iPhone.Build.0 = Debug|Any CPU
		{4D5F5A05-A37C-4EB8-AAF5-3B74DA924084}.Ad-Hoc|iPhone.Deploy.0 = Debug|Any CPU
		{4D5F5A05-A37C-4EB8-AAF5-3B74DA924084}.Ad-Hoc|iPhoneSimulator.ActiveCfg = Debug|Any CPU
		{4D5F5A05-A37C-4EB8-AAF5-3B74DA924084}.Ad-Hoc|iPhoneSimulator.Build.0 = Debug|Any CPU
		{4D5F5A05-A37C-4EB8-AAF5-3B74DA924084}.Ad-Hoc|iPhoneSimulator.Deploy.0 = Debug|Any CPU
		{4D5F5A05-A37C-4EB8-AAF5-3B74DA924084}.Ad-Hoc|x64.ActiveCfg = Debug|Any CPU
		{4D5F5A05-A37C-4EB8-AAF5-3B74DA924084}.Ad-Hoc|x64.Build.0 = Debug|Any CPU
		{4D5F5A05-A37C-4EB8-AAF5-3B74DA924084}.Ad-Hoc|x64.Deploy.0 = Debug|Any CPU
		{4D5F5A05-A37C-4EB8-AAF5-3B74DA924084}.Ad-Hoc|x86.ActiveCfg = Debug|Any CPU
		{4D5F5A05-A37C-4EB8-AAF5-3B74DA924084}.Ad-Hoc|x86.Build.0 = Debug|Any CPU
		{4D5F5A05-A37C-4EB8-AAF5-3B74DA924084}.Ad-Hoc|x86.Deploy.0 = Debug|Any CPU
		{4D5F5A05-A37C-4EB8-AAF5-3B74DA924084}.AppStore|Any CPU.ActiveCfg = Debug|Any CPU
		{4D5F5A05-A37C-4EB8-AAF5-3B74DA924084}.AppStore|Any CPU.Build.0 = Debug|Any CPU
		{4D5F5A05-A37C-4EB8-AAF5-3B74DA924084}.AppStore|Any CPU.Deploy.0 = Debug|Any CPU
		{4D5F5A05-A37C-4EB8-AAF5-3B74DA924084}.AppStore|ARM.ActiveCfg = Debug|Any CPU
		{4D5F5A05-A37C-4EB8-AAF5-3B74DA924084}.AppStore|ARM.Build.0 = Debug|Any CPU
		{4D5F5A05-A37C-4EB8-AAF5-3B74DA924084}.AppStore|ARM.Deploy.0 = Debug|Any CPU
		{4D5F5A05-A37C-4EB8-AAF5-3B74DA924084}.AppStore|iPhone.ActiveCfg = Debug|Any CPU
		{4D5F5A05-A37C-4EB8-AAF5-3B74DA924084}.AppStore|iPhone.Build.0 = Debug|Any CPU
		{4D5F5A05-A37C-4EB8-AAF5-3B74DA924084}.AppStore|iPhone.Deploy.0 = Debug|Any CPU
		{4D5F5A05-A37C-4EB8-AAF5-3B74DA924084}.AppStore|iPhoneSimulator.ActiveCfg = Debug|Any CPU
		{4D5F5A05-A37C-4EB8-AAF5-3B74DA924084}.AppStore|iPhoneSimulator.Build.0 = Debug|Any CPU
		{4D5F5A05-A37C-4EB8-AAF5-3B74DA924084}.AppStore|iPhoneSimulator.Deploy.0 = Debug|Any CPU
		{4D5F5A05-A37C-4EB8-AAF5-3B74DA924084}.AppStore|x64.ActiveCfg = Debug|Any CPU
		{4D5F5A05-A37C-4EB8-AAF5-3B74DA924084}.AppStore|x64.Build.0 = Debug|Any CPU
		{4D5F5A05-A37C-4EB8-AAF5-3B74DA924084}.AppStore|x64.Deploy.0 = Debug|Any CPU
		{4D5F5A05-A37C-4EB8-AAF5-3B74DA924084}.AppStore|x86.ActiveCfg = Debug|Any CPU
		{4D5F5A05-A37C-4EB8-AAF5-3B74DA924084}.AppStore|x86.Build.0 = Debug|Any CPU
		{4D5F5A05-A37C-4EB8-AAF5-3B74DA924084}.AppStore|x86.Deploy.0 = Debug|Any CPU
		{4D5F5A05-A37C-4EB8-AAF5-3B74DA924084}.Debug|Any CPU.ActiveCfg = Debug|Any CPU
		{4D5F5A05-A37C-4EB8-AAF5-3B74DA924084}.Debug|Any CPU.Build.0 = Debug|Any CPU
		{4D5F5A05-A37C-4EB8-AAF5-3B74DA924084}.Debug|Any CPU.Deploy.0 = Debug|Any CPU
		{4D5F5A05-A37C-4EB8-AAF5-3B74DA924084}.Debug|ARM.ActiveCfg = Debug|Any CPU
		{4D5F5A05-A37C-4EB8-AAF5-3B74DA924084}.Debug|ARM.Build.0 = Debug|Any CPU
		{4D5F5A05-A37C-4EB8-AAF5-3B74DA924084}.Debug|ARM.Deploy.0 = Debug|Any CPU
		{4D5F5A05-A37C-4EB8-AAF5-3B74DA924084}.Debug|iPhone.ActiveCfg = Debug|Any CPU
		{4D5F5A05-A37C-4EB8-AAF5-3B74DA924084}.Debug|iPhone.Build.0 = Debug|Any CPU
		{4D5F5A05-A37C-4EB8-AAF5-3B74DA924084}.Debug|iPhone.Deploy.0 = Debug|Any CPU
		{4D5F5A05-A37C-4EB8-AAF5-3B74DA924084}.Debug|iPhoneSimulator.ActiveCfg = Debug|Any CPU
		{4D5F5A05-A37C-4EB8-AAF5-3B74DA924084}.Debug|iPhoneSimulator.Build.0 = Debug|Any CPU
		{4D5F5A05-A37C-4EB8-AAF5-3B74DA924084}.Debug|iPhoneSimulator.Deploy.0 = Debug|Any CPU
		{4D5F5A05-A37C-4EB8-AAF5-3B74DA924084}.Debug|x64.ActiveCfg = Debug|Any CPU
		{4D5F5A05-A37C-4EB8-AAF5-3B74DA924084}.Debug|x64.Build.0 = Debug|Any CPU
		{4D5F5A05-A37C-4EB8-AAF5-3B74DA924084}.Debug|x64.Deploy.0 = Debug|Any CPU
		{4D5F5A05-A37C-4EB8-AAF5-3B74DA924084}.Debug|x86.ActiveCfg = Debug|Any CPU
		{4D5F5A05-A37C-4EB8-AAF5-3B74DA924084}.Debug|x86.Build.0 = Debug|Any CPU
		{4D5F5A05-A37C-4EB8-AAF5-3B74DA924084}.Debug|x86.Deploy.0 = Debug|Any CPU
		{4D5F5A05-A37C-4EB8-AAF5-3B74DA924084}.Release|Any CPU.ActiveCfg = Release|Any CPU
		{4D5F5A05-A37C-4EB8-AAF5-3B74DA924084}.Release|Any CPU.Build.0 = Release|Any CPU
		{4D5F5A05-A37C-4EB8-AAF5-3B74DA924084}.Release|Any CPU.Deploy.0 = Release|Any CPU
		{4D5F5A05-A37C-4EB8-AAF5-3B74DA924084}.Release|ARM.ActiveCfg = Release|Any CPU
		{4D5F5A05-A37C-4EB8-AAF5-3B74DA924084}.Release|ARM.Build.0 = Release|Any CPU
		{4D5F5A05-A37C-4EB8-AAF5-3B74DA924084}.Release|ARM.Deploy.0 = Release|Any CPU
		{4D5F5A05-A37C-4EB8-AAF5-3B74DA924084}.Release|iPhone.ActiveCfg = Release|Any CPU
		{4D5F5A05-A37C-4EB8-AAF5-3B74DA924084}.Release|iPhone.Build.0 = Release|Any CPU
		{4D5F5A05-A37C-4EB8-AAF5-3B74DA924084}.Release|iPhone.Deploy.0 = Release|Any CPU
		{4D5F5A05-A37C-4EB8-AAF5-3B74DA924084}.Release|iPhoneSimulator.ActiveCfg = Release|Any CPU
		{4D5F5A05-A37C-4EB8-AAF5-3B74DA924084}.Release|iPhoneSimulator.Build.0 = Release|Any CPU
		{4D5F5A05-A37C-4EB8-AAF5-3B74DA924084}.Release|iPhoneSimulator.Deploy.0 = Release|Any CPU
		{4D5F5A05-A37C-4EB8-AAF5-3B74DA924084}.Release|x64.ActiveCfg = Release|Any CPU
		{4D5F5A05-A37C-4EB8-AAF5-3B74DA924084}.Release|x64.Build.0 = Release|Any CPU
		{4D5F5A05-A37C-4EB8-AAF5-3B74DA924084}.Release|x64.Deploy.0 = Release|Any CPU
		{4D5F5A05-A37C-4EB8-AAF5-3B74DA924084}.Release|x86.ActiveCfg = Release|Any CPU
		{4D5F5A05-A37C-4EB8-AAF5-3B74DA924084}.Release|x86.Build.0 = Release|Any CPU
		{4D5F5A05-A37C-4EB8-AAF5-3B74DA924084}.Release|x86.Deploy.0 = Release|Any CPU
	EndGlobalSection
	GlobalSection(SolutionProperties) = preSolution
		HideSolutionNode = FALSE
	EndGlobalSection
	GlobalSection(ExtensibilityGlobals) = postSolution
		SolutionGuid = {B29284B9-78B4-42B4-A23D-3CE3CA263BE6}
	EndGlobalSection
EndGlobal
